// !$*UTF8*$!
{
	archiveVersion = 1;
	classes = {
	};
	objectVersion = 56;
	objects = {

/* Begin PBXBuildFile section */
		45136E392B7A668A00B8D8A5 /* SearchResultsViewController.swift in Sources */ = {isa = PBXBuildFile; fileRef = 45136E382B7A668A00B8D8A5 /* SearchResultsViewController.swift */; };
		45136E3B2B7A6B6800B8D8A5 /* CategoryCollectionViewCell.swift in Sources */ = {isa = PBXBuildFile; fileRef = 45136E3A2B7A6B6800B8D8A5 /* CategoryCollectionViewCell.swift */; };
		45136E3D2B7A76DB00B8D8A5 /* AllCategoriesResponse.swift in Sources */ = {isa = PBXBuildFile; fileRef = 45136E3C2B7A76DB00B8D8A5 /* AllCategoriesResponse.swift */; };
		45A9A5402B79189F00BCC405 /* FeaturedPlaylistCellViewModel.swift in Sources */ = {isa = PBXBuildFile; fileRef = 45A9A53F2B79189F00BCC405 /* FeaturedPlaylistCellViewModel.swift */; };
		45A9A5422B7918DA00BCC405 /* RecommendedTrackCellViewModel.swift in Sources */ = {isa = PBXBuildFile; fileRef = 45A9A5412B7918DA00BCC405 /* RecommendedTrackCellViewModel.swift */; };
		45A9A5442B7935C000BCC405 /* AlbumViewController.swift in Sources */ = {isa = PBXBuildFile; fileRef = 45A9A5432B7935C000BCC405 /* AlbumViewController.swift */; };
		45A9A5462B793AA900BCC405 /* AlbumDetailsResponse.swift in Sources */ = {isa = PBXBuildFile; fileRef = 45A9A5452B793AA900BCC405 /* AlbumDetailsResponse.swift */; };
		45A9A5482B793F8A00BCC405 /* PlaylistDetailsResponse.swift in Sources */ = {isa = PBXBuildFile; fileRef = 45A9A5472B793F8A00BCC405 /* PlaylistDetailsResponse.swift */; };
		45A9A54A2B794E6800BCC405 /* PlaylistHeaderCollectionReusableView.swift in Sources */ = {isa = PBXBuildFile; fileRef = 45A9A5492B794E6800BCC405 /* PlaylistHeaderCollectionReusableView.swift */; };
		45A9A54C2B79512B00BCC405 /* PlaylistHeaderViewViewModel.swift in Sources */ = {isa = PBXBuildFile; fileRef = 45A9A54B2B79512B00BCC405 /* PlaylistHeaderViewViewModel.swift */; };
		45A9A54E2B7961AE00BCC405 /* TitleHeaderCollectionReusableView.swift in Sources */ = {isa = PBXBuildFile; fileRef = 45A9A54D2B7961AE00BCC405 /* TitleHeaderCollectionReusableView.swift */; };
		45A9A5502B796B3700BCC405 /* AlbumTrackCollectionViewCell.swift in Sources */ = {isa = PBXBuildFile; fileRef = 45A9A54F2B796B3700BCC405 /* AlbumTrackCollectionViewCell.swift */; };
		45A9A5522B796C4300BCC405 /* AlbumCollectionViewCellViewModel.swift in Sources */ = {isa = PBXBuildFile; fileRef = 45A9A5512B796C4300BCC405 /* AlbumCollectionViewCellViewModel.swift */; };
		45C88F0E2B77B6E0007174BB /* NewReleasesResponse.swift in Sources */ = {isa = PBXBuildFile; fileRef = 45C88F0D2B77B6E0007174BB /* NewReleasesResponse.swift */; };
		45C88F102B77B884007174BB /* APIImage.swift in Sources */ = {isa = PBXBuildFile; fileRef = 45C88F0F2B77B884007174BB /* APIImage.swift */; };
		45C88F122B77BD0D007174BB /* FeaturedPlaylistResponse.swift in Sources */ = {isa = PBXBuildFile; fileRef = 45C88F112B77BD0D007174BB /* FeaturedPlaylistResponse.swift */; };
		45C88F142B77C73D007174BB /* RecommendedGenresResponse.swift in Sources */ = {isa = PBXBuildFile; fileRef = 45C88F132B77C73D007174BB /* RecommendedGenresResponse.swift */; };
		45C88F162B77D9C7007174BB /* RecommendationsResponse.swift in Sources */ = {isa = PBXBuildFile; fileRef = 45C88F152B77D9C7007174BB /* RecommendationsResponse.swift */; };
		45C88F192B77F27F007174BB /* NewReleaseCollectionViewCell.swift in Sources */ = {isa = PBXBuildFile; fileRef = 45C88F182B77F27F007174BB /* NewReleaseCollectionViewCell.swift */; };
		45C88F1B2B77F298007174BB /* FeaturedPlaylistCollectionViewCell.swift in Sources */ = {isa = PBXBuildFile; fileRef = 45C88F1A2B77F298007174BB /* FeaturedPlaylistCollectionViewCell.swift */; };
		45C88F1D2B77F2A2007174BB /* RecommendedTrackCollectionViewCell.swift in Sources */ = {isa = PBXBuildFile; fileRef = 45C88F1C2B77F2A2007174BB /* RecommendedTrackCollectionViewCell.swift */; };
		45C88F1F2B78067C007174BB /* NewReleasesCellViewModel.swift in Sources */ = {isa = PBXBuildFile; fileRef = 45C88F1E2B78067C007174BB /* NewReleasesCellViewModel.swift */; };
		45CC17162B76565C001EA9F1 /* AppDelegate.swift in Sources */ = {isa = PBXBuildFile; fileRef = 45CC17152B76565C001EA9F1 /* AppDelegate.swift */; };
		45CC17182B76565C001EA9F1 /* SceneDelegate.swift in Sources */ = {isa = PBXBuildFile; fileRef = 45CC17172B76565C001EA9F1 /* SceneDelegate.swift */; };
		45CC171A2B76565C001EA9F1 /* HomeViewController.swift in Sources */ = {isa = PBXBuildFile; fileRef = 45CC17192B76565C001EA9F1 /* HomeViewController.swift */; };
		45CC171F2B76565D001EA9F1 /* Assets.xcassets in Resources */ = {isa = PBXBuildFile; fileRef = 45CC171E2B76565D001EA9F1 /* Assets.xcassets */; };
		45CC17222B76565D001EA9F1 /* LaunchScreen.storyboard in Resources */ = {isa = PBXBuildFile; fileRef = 45CC17202B76565D001EA9F1 /* LaunchScreen.storyboard */; };
		45CC17312B765BA6001EA9F1 /* TabBarViewController.swift in Sources */ = {isa = PBXBuildFile; fileRef = 45CC17302B765BA6001EA9F1 /* TabBarViewController.swift */; };
		45CC17332B765BC9001EA9F1 /* SearchViewController.swift in Sources */ = {isa = PBXBuildFile; fileRef = 45CC17322B765BC9001EA9F1 /* SearchViewController.swift */; };
		45CC17352B765BD9001EA9F1 /* LibraryViewController.swift in Sources */ = {isa = PBXBuildFile; fileRef = 45CC17342B765BD9001EA9F1 /* LibraryViewController.swift */; };
		45CC17392B765C14001EA9F1 /* AuthViewController.swift in Sources */ = {isa = PBXBuildFile; fileRef = 45CC17382B765C14001EA9F1 /* AuthViewController.swift */; };
		45CC173B2B765C25001EA9F1 /* WelcomeViewController.swift in Sources */ = {isa = PBXBuildFile; fileRef = 45CC173A2B765C25001EA9F1 /* WelcomeViewController.swift */; };
		45CC173D2B765C3B001EA9F1 /* SettingsViewController.swift in Sources */ = {isa = PBXBuildFile; fileRef = 45CC173C2B765C3B001EA9F1 /* SettingsViewController.swift */; };
		45CC173F2B765C45001EA9F1 /* ProfileViewController.swift in Sources */ = {isa = PBXBuildFile; fileRef = 45CC173E2B765C45001EA9F1 /* ProfileViewController.swift */; };
		45CC17412B765C51001EA9F1 /* PlayerViewController.swift in Sources */ = {isa = PBXBuildFile; fileRef = 45CC17402B765C51001EA9F1 /* PlayerViewController.swift */; };
		45CC17432B765C66001EA9F1 /* PlaylistViewController.swift in Sources */ = {isa = PBXBuildFile; fileRef = 45CC17422B765C66001EA9F1 /* PlaylistViewController.swift */; };
		45CC17472B765CD2001EA9F1 /* AuthManager.swift in Sources */ = {isa = PBXBuildFile; fileRef = 45CC17462B765CD2001EA9F1 /* AuthManager.swift */; };
		45CC17492B765CE6001EA9F1 /* NetworkManager.swift in Sources */ = {isa = PBXBuildFile; fileRef = 45CC17482B765CE6001EA9F1 /* NetworkManager.swift */; };
		45CC174B2B765CEF001EA9F1 /* HapticsManager.swift in Sources */ = {isa = PBXBuildFile; fileRef = 45CC174A2B765CEF001EA9F1 /* HapticsManager.swift */; };
		45CC174D2B765D06001EA9F1 /* Playlist.swift in Sources */ = {isa = PBXBuildFile; fileRef = 45CC174C2B765D06001EA9F1 /* Playlist.swift */; };
		45CC174F2B765D12001EA9F1 /* AudioTrack.swift in Sources */ = {isa = PBXBuildFile; fileRef = 45CC174E2B765D12001EA9F1 /* AudioTrack.swift */; };
		45CC17512B765D1A001EA9F1 /* Artist.swift in Sources */ = {isa = PBXBuildFile; fileRef = 45CC17502B765D1A001EA9F1 /* Artist.swift */; };
		45CC17532B765D26001EA9F1 /* UserProfile.swift in Sources */ = {isa = PBXBuildFile; fileRef = 45CC17522B765D26001EA9F1 /* UserProfile.swift */; };
		45CC17552B767073001EA9F1 /* Extensions.swift in Sources */ = {isa = PBXBuildFile; fileRef = 45CC17542B767073001EA9F1 /* Extensions.swift */; };
		45CC17572B7693D2001EA9F1 /* AuthResponse.swift in Sources */ = {isa = PBXBuildFile; fileRef = 45CC17562B7693D2001EA9F1 /* AuthResponse.swift */; };
		45CC17592B76B794001EA9F1 /* SettingsModels.swift in Sources */ = {isa = PBXBuildFile; fileRef = 45CC17582B76B794001EA9F1 /* SettingsModels.swift */; };
		45CC175C2B76C35C001EA9F1 /* SDWebImage in Frameworks */ = {isa = PBXBuildFile; productRef = 45CC175B2B76C35C001EA9F1 /* SDWebImage */; };
/* End PBXBuildFile section */

/* Begin PBXFileReference section */
		45136E382B7A668A00B8D8A5 /* SearchResultsViewController.swift */ = {isa = PBXFileReference; lastKnownFileType = sourcecode.swift; path = SearchResultsViewController.swift; sourceTree = "<group>"; };
		45136E3A2B7A6B6800B8D8A5 /* CategoryCollectionViewCell.swift */ = {isa = PBXFileReference; lastKnownFileType = sourcecode.swift; path = CategoryCollectionViewCell.swift; sourceTree = "<group>"; };
		45136E3C2B7A76DB00B8D8A5 /* AllCategoriesResponse.swift */ = {isa = PBXFileReference; lastKnownFileType = sourcecode.swift; path = AllCategoriesResponse.swift; sourceTree = "<group>"; };
		45A9A53F2B79189F00BCC405 /* FeaturedPlaylistCellViewModel.swift */ = {isa = PBXFileReference; lastKnownFileType = sourcecode.swift; path = FeaturedPlaylistCellViewModel.swift; sourceTree = "<group>"; };
		45A9A5412B7918DA00BCC405 /* RecommendedTrackCellViewModel.swift */ = {isa = PBXFileReference; lastKnownFileType = sourcecode.swift; path = RecommendedTrackCellViewModel.swift; sourceTree = "<group>"; };
		45A9A5432B7935C000BCC405 /* AlbumViewController.swift */ = {isa = PBXFileReference; lastKnownFileType = sourcecode.swift; path = AlbumViewController.swift; sourceTree = "<group>"; };
		45A9A5452B793AA900BCC405 /* AlbumDetailsResponse.swift */ = {isa = PBXFileReference; lastKnownFileType = sourcecode.swift; path = AlbumDetailsResponse.swift; sourceTree = "<group>"; };
		45A9A5472B793F8A00BCC405 /* PlaylistDetailsResponse.swift */ = {isa = PBXFileReference; lastKnownFileType = sourcecode.swift; path = PlaylistDetailsResponse.swift; sourceTree = "<group>"; };
		45A9A5492B794E6800BCC405 /* PlaylistHeaderCollectionReusableView.swift */ = {isa = PBXFileReference; lastKnownFileType = sourcecode.swift; path = PlaylistHeaderCollectionReusableView.swift; sourceTree = "<group>"; };
		45A9A54B2B79512B00BCC405 /* PlaylistHeaderViewViewModel.swift */ = {isa = PBXFileReference; lastKnownFileType = sourcecode.swift; path = PlaylistHeaderViewViewModel.swift; sourceTree = "<group>"; };
		45A9A54D2B7961AE00BCC405 /* TitleHeaderCollectionReusableView.swift */ = {isa = PBXFileReference; lastKnownFileType = sourcecode.swift; path = TitleHeaderCollectionReusableView.swift; sourceTree = "<group>"; };
		45A9A54F2B796B3700BCC405 /* AlbumTrackCollectionViewCell.swift */ = {isa = PBXFileReference; lastKnownFileType = sourcecode.swift; path = AlbumTrackCollectionViewCell.swift; sourceTree = "<group>"; };
		45A9A5512B796C4300BCC405 /* AlbumCollectionViewCellViewModel.swift */ = {isa = PBXFileReference; lastKnownFileType = sourcecode.swift; path = AlbumCollectionViewCellViewModel.swift; sourceTree = "<group>"; };
		45C88F0D2B77B6E0007174BB /* NewReleasesResponse.swift */ = {isa = PBXFileReference; lastKnownFileType = sourcecode.swift; path = NewReleasesResponse.swift; sourceTree = "<group>"; };
		45C88F0F2B77B884007174BB /* APIImage.swift */ = {isa = PBXFileReference; lastKnownFileType = sourcecode.swift; path = APIImage.swift; sourceTree = "<group>"; };
		45C88F112B77BD0D007174BB /* FeaturedPlaylistResponse.swift */ = {isa = PBXFileReference; lastKnownFileType = sourcecode.swift; path = FeaturedPlaylistResponse.swift; sourceTree = "<group>"; };
		45C88F132B77C73D007174BB /* RecommendedGenresResponse.swift */ = {isa = PBXFileReference; lastKnownFileType = sourcecode.swift; path = RecommendedGenresResponse.swift; sourceTree = "<group>"; };
		45C88F152B77D9C7007174BB /* RecommendationsResponse.swift */ = {isa = PBXFileReference; lastKnownFileType = sourcecode.swift; path = RecommendationsResponse.swift; sourceTree = "<group>"; };
		45C88F182B77F27F007174BB /* NewReleaseCollectionViewCell.swift */ = {isa = PBXFileReference; lastKnownFileType = sourcecode.swift; path = NewReleaseCollectionViewCell.swift; sourceTree = "<group>"; };
		45C88F1A2B77F298007174BB /* FeaturedPlaylistCollectionViewCell.swift */ = {isa = PBXFileReference; lastKnownFileType = sourcecode.swift; path = FeaturedPlaylistCollectionViewCell.swift; sourceTree = "<group>"; };
		45C88F1C2B77F2A2007174BB /* RecommendedTrackCollectionViewCell.swift */ = {isa = PBXFileReference; lastKnownFileType = sourcecode.swift; path = RecommendedTrackCollectionViewCell.swift; sourceTree = "<group>"; };
		45C88F1E2B78067C007174BB /* NewReleasesCellViewModel.swift */ = {isa = PBXFileReference; lastKnownFileType = sourcecode.swift; path = NewReleasesCellViewModel.swift; sourceTree = "<group>"; };
		45CC17122B76565C001EA9F1 /* iSpotify.app */ = {isa = PBXFileReference; explicitFileType = wrapper.application; includeInIndex = 0; path = iSpotify.app; sourceTree = BUILT_PRODUCTS_DIR; };
		45CC17152B76565C001EA9F1 /* AppDelegate.swift */ = {isa = PBXFileReference; lastKnownFileType = sourcecode.swift; path = AppDelegate.swift; sourceTree = "<group>"; };
		45CC17172B76565C001EA9F1 /* SceneDelegate.swift */ = {isa = PBXFileReference; lastKnownFileType = sourcecode.swift; path = SceneDelegate.swift; sourceTree = "<group>"; };
		45CC17192B76565C001EA9F1 /* HomeViewController.swift */ = {isa = PBXFileReference; lastKnownFileType = sourcecode.swift; path = HomeViewController.swift; sourceTree = "<group>"; };
		45CC171E2B76565D001EA9F1 /* Assets.xcassets */ = {isa = PBXFileReference; lastKnownFileType = folder.assetcatalog; path = Assets.xcassets; sourceTree = "<group>"; };
		45CC17212B76565D001EA9F1 /* Base */ = {isa = PBXFileReference; lastKnownFileType = file.storyboard; name = Base; path = Base.lproj/LaunchScreen.storyboard; sourceTree = "<group>"; };
		45CC17232B76565D001EA9F1 /* Info.plist */ = {isa = PBXFileReference; lastKnownFileType = text.plist.xml; path = Info.plist; sourceTree = "<group>"; };
		45CC17302B765BA6001EA9F1 /* TabBarViewController.swift */ = {isa = PBXFileReference; lastKnownFileType = sourcecode.swift; path = TabBarViewController.swift; sourceTree = "<group>"; };
		45CC17322B765BC9001EA9F1 /* SearchViewController.swift */ = {isa = PBXFileReference; lastKnownFileType = sourcecode.swift; path = SearchViewController.swift; sourceTree = "<group>"; };
		45CC17342B765BD9001EA9F1 /* LibraryViewController.swift */ = {isa = PBXFileReference; lastKnownFileType = sourcecode.swift; path = LibraryViewController.swift; sourceTree = "<group>"; };
		45CC17382B765C14001EA9F1 /* AuthViewController.swift */ = {isa = PBXFileReference; lastKnownFileType = sourcecode.swift; path = AuthViewController.swift; sourceTree = "<group>"; };
		45CC173A2B765C25001EA9F1 /* WelcomeViewController.swift */ = {isa = PBXFileReference; lastKnownFileType = sourcecode.swift; path = WelcomeViewController.swift; sourceTree = "<group>"; };
		45CC173C2B765C3B001EA9F1 /* SettingsViewController.swift */ = {isa = PBXFileReference; lastKnownFileType = sourcecode.swift; path = SettingsViewController.swift; sourceTree = "<group>"; };
		45CC173E2B765C45001EA9F1 /* ProfileViewController.swift */ = {isa = PBXFileReference; lastKnownFileType = sourcecode.swift; path = ProfileViewController.swift; sourceTree = "<group>"; };
		45CC17402B765C51001EA9F1 /* PlayerViewController.swift */ = {isa = PBXFileReference; lastKnownFileType = sourcecode.swift; path = PlayerViewController.swift; sourceTree = "<group>"; };
		45CC17422B765C66001EA9F1 /* PlaylistViewController.swift */ = {isa = PBXFileReference; lastKnownFileType = sourcecode.swift; path = PlaylistViewController.swift; sourceTree = "<group>"; };
		45CC17462B765CD2001EA9F1 /* AuthManager.swift */ = {isa = PBXFileReference; lastKnownFileType = sourcecode.swift; path = AuthManager.swift; sourceTree = "<group>"; };
		45CC17482B765CE6001EA9F1 /* NetworkManager.swift */ = {isa = PBXFileReference; lastKnownFileType = sourcecode.swift; path = NetworkManager.swift; sourceTree = "<group>"; };
		45CC174A2B765CEF001EA9F1 /* HapticsManager.swift */ = {isa = PBXFileReference; lastKnownFileType = sourcecode.swift; path = HapticsManager.swift; sourceTree = "<group>"; };
		45CC174C2B765D06001EA9F1 /* Playlist.swift */ = {isa = PBXFileReference; lastKnownFileType = sourcecode.swift; path = Playlist.swift; sourceTree = "<group>"; };
		45CC174E2B765D12001EA9F1 /* AudioTrack.swift */ = {isa = PBXFileReference; lastKnownFileType = sourcecode.swift; path = AudioTrack.swift; sourceTree = "<group>"; };
		45CC17502B765D1A001EA9F1 /* Artist.swift */ = {isa = PBXFileReference; lastKnownFileType = sourcecode.swift; path = Artist.swift; sourceTree = "<group>"; };
		45CC17522B765D26001EA9F1 /* UserProfile.swift */ = {isa = PBXFileReference; lastKnownFileType = sourcecode.swift; path = UserProfile.swift; sourceTree = "<group>"; };
		45CC17542B767073001EA9F1 /* Extensions.swift */ = {isa = PBXFileReference; lastKnownFileType = sourcecode.swift; path = Extensions.swift; sourceTree = "<group>"; };
		45CC17562B7693D2001EA9F1 /* AuthResponse.swift */ = {isa = PBXFileReference; lastKnownFileType = sourcecode.swift; path = AuthResponse.swift; sourceTree = "<group>"; };
		45CC17582B76B794001EA9F1 /* SettingsModels.swift */ = {isa = PBXFileReference; lastKnownFileType = sourcecode.swift; path = SettingsModels.swift; sourceTree = "<group>"; };
/* End PBXFileReference section */

/* Begin PBXFrameworksBuildPhase section */
		45CC170F2B76565C001EA9F1 /* Frameworks */ = {
			isa = PBXFrameworksBuildPhase;
			buildActionMask = 2147483647;
			files = (
				45CC175C2B76C35C001EA9F1 /* SDWebImage in Frameworks */,
			);
			runOnlyForDeploymentPostprocessing = 0;
		};
/* End PBXFrameworksBuildPhase section */

/* Begin PBXGroup section */
		45C88F172B77F26A007174BB /* Browse */ = {
			isa = PBXGroup;
			children = (
				45C88F182B77F27F007174BB /* NewReleaseCollectionViewCell.swift */,
				45C88F1A2B77F298007174BB /* FeaturedPlaylistCollectionViewCell.swift */,
				45C88F1C2B77F2A2007174BB /* RecommendedTrackCollectionViewCell.swift */,
			);
			path = Browse;
			sourceTree = "<group>";
		};
		45CC17092B76565C001EA9F1 = {
			isa = PBXGroup;
			children = (
				45CC17142B76565C001EA9F1 /* iSpotify */,
				45CC17132B76565C001EA9F1 /* Products */,
			);
			sourceTree = "<group>";
		};
		45CC17132B76565C001EA9F1 /* Products */ = {
			isa = PBXGroup;
			children = (
				45CC17122B76565C001EA9F1 /* iSpotify.app */,
			);
			name = Products;
			sourceTree = "<group>";
		};
		45CC17142B76565C001EA9F1 /* iSpotify */ = {
			isa = PBXGroup;
			children = (
				45CC172E2B76595F001EA9F1 /* Resources */,
				45CC172D2B76595A001EA9F1 /* Managers */,
				45CC172C2B765954001EA9F1 /* ViewModels */,
				45CC172B2B765950001EA9F1 /* Models */,
				45CC172A2B76594C001EA9F1 /* Views */,
				45CC17292B765949001EA9F1 /* Controllers */,
				45CC17232B76565D001EA9F1 /* Info.plist */,
			);
			path = iSpotify;
			sourceTree = "<group>";
		};
		45CC17292B765949001EA9F1 /* Controllers */ = {
			isa = PBXGroup;
			children = (
				45CC17372B765BFE001EA9F1 /* Others */,
				45CC17362B765BE8001EA9F1 /* Core */,
			);
			path = Controllers;
			sourceTree = "<group>";
		};
		45CC172A2B76594C001EA9F1 /* Views */ = {
			isa = PBXGroup;
			children = (
				45C88F172B77F26A007174BB /* Browse */,
				45CC17202B76565D001EA9F1 /* LaunchScreen.storyboard */,
				45A9A5492B794E6800BCC405 /* PlaylistHeaderCollectionReusableView.swift */,
				45A9A54D2B7961AE00BCC405 /* TitleHeaderCollectionReusableView.swift */,
				45A9A54F2B796B3700BCC405 /* AlbumTrackCollectionViewCell.swift */,
				45136E3A2B7A6B6800B8D8A5 /* CategoryCollectionViewCell.swift */,
			);
			path = Views;
			sourceTree = "<group>";
		};
		45CC172B2B765950001EA9F1 /* Models */ = {
			isa = PBXGroup;
			children = (
				45CC174C2B765D06001EA9F1 /* Playlist.swift */,
				45CC174E2B765D12001EA9F1 /* AudioTrack.swift */,
				45CC17502B765D1A001EA9F1 /* Artist.swift */,
				45CC17522B765D26001EA9F1 /* UserProfile.swift */,
				45CC17562B7693D2001EA9F1 /* AuthResponse.swift */,
				45CC17582B76B794001EA9F1 /* SettingsModels.swift */,
				45C88F0D2B77B6E0007174BB /* NewReleasesResponse.swift */,
				45C88F0F2B77B884007174BB /* APIImage.swift */,
				45C88F112B77BD0D007174BB /* FeaturedPlaylistResponse.swift */,
				45C88F132B77C73D007174BB /* RecommendedGenresResponse.swift */,
				45C88F152B77D9C7007174BB /* RecommendationsResponse.swift */,
				45A9A5452B793AA900BCC405 /* AlbumDetailsResponse.swift */,
				45A9A5472B793F8A00BCC405 /* PlaylistDetailsResponse.swift */,
				45136E3C2B7A76DB00B8D8A5 /* AllCategoriesResponse.swift */,
			);
			path = Models;
			sourceTree = "<group>";
		};
		45CC172C2B765954001EA9F1 /* ViewModels */ = {
			isa = PBXGroup;
			children = (
				45C88F1E2B78067C007174BB /* NewReleasesCellViewModel.swift */,
				45A9A53F2B79189F00BCC405 /* FeaturedPlaylistCellViewModel.swift */,
				45A9A5412B7918DA00BCC405 /* RecommendedTrackCellViewModel.swift */,
				45A9A54B2B79512B00BCC405 /* PlaylistHeaderViewViewModel.swift */,
				45A9A5512B796C4300BCC405 /* AlbumCollectionViewCellViewModel.swift */,
			);
			path = ViewModels;
			sourceTree = "<group>";
		};
		45CC172D2B76595A001EA9F1 /* Managers */ = {
			isa = PBXGroup;
			children = (
				45CC17462B765CD2001EA9F1 /* AuthManager.swift */,
				45CC17482B765CE6001EA9F1 /* NetworkManager.swift */,
				45CC174A2B765CEF001EA9F1 /* HapticsManager.swift */,
			);
			path = Managers;
			sourceTree = "<group>";
		};
		45CC172E2B76595F001EA9F1 /* Resources */ = {
			isa = PBXGroup;
			children = (
				45CC172F2B765A9A001EA9F1 /* App&SceneDelegates */,
				45CC171E2B76565D001EA9F1 /* Assets.xcassets */,
				45CC17542B767073001EA9F1 /* Extensions.swift */,
			);
			path = Resources;
			sourceTree = "<group>";
		};
		45CC172F2B765A9A001EA9F1 /* App&SceneDelegates */ = {
			isa = PBXGroup;
			children = (
				45CC17152B76565C001EA9F1 /* AppDelegate.swift */,
				45CC17172B76565C001EA9F1 /* SceneDelegate.swift */,
			);
			path = "App&SceneDelegates";
			sourceTree = "<group>";
		};
		45CC17362B765BE8001EA9F1 /* Core */ = {
			isa = PBXGroup;
			children = (
				45CC17302B765BA6001EA9F1 /* TabBarViewController.swift */,
				45CC17192B76565C001EA9F1 /* HomeViewController.swift */,
				45CC17322B765BC9001EA9F1 /* SearchViewController.swift */,
				45CC17342B765BD9001EA9F1 /* LibraryViewController.swift */,
			);
			path = Core;
			sourceTree = "<group>";
		};
		45CC17372B765BFE001EA9F1 /* Others */ = {
			isa = PBXGroup;
			children = (
				45CC17382B765C14001EA9F1 /* AuthViewController.swift */,
				45CC173A2B765C25001EA9F1 /* WelcomeViewController.swift */,
				45CC173C2B765C3B001EA9F1 /* SettingsViewController.swift */,
				45CC173E2B765C45001EA9F1 /* ProfileViewController.swift */,
				45CC17402B765C51001EA9F1 /* PlayerViewController.swift */,
				45CC17422B765C66001EA9F1 /* PlaylistViewController.swift */,
				45A9A5432B7935C000BCC405 /* AlbumViewController.swift */,
				45136E382B7A668A00B8D8A5 /* SearchResultsViewController.swift */,
			);
			path = Others;
			sourceTree = "<group>";
		};
/* End PBXGroup section */

/* Begin PBXNativeTarget section */
		45CC17112B76565C001EA9F1 /* iSpotify */ = {
			isa = PBXNativeTarget;
			buildConfigurationList = 45CC17262B76565D001EA9F1 /* Build configuration list for PBXNativeTarget "iSpotify" */;
			buildPhases = (
				45CC170E2B76565C001EA9F1 /* Sources */,
				45CC170F2B76565C001EA9F1 /* Frameworks */,
				45CC17102B76565C001EA9F1 /* Resources */,
			);
			buildRules = (
			);
			dependencies = (
			);
			name = iSpotify;
			packageProductDependencies = (
				45CC175B2B76C35C001EA9F1 /* SDWebImage */,
			);
			productName = iSpotify;
			productReference = 45CC17122B76565C001EA9F1 /* iSpotify.app */;
			productType = "com.apple.product-type.application";
		};
/* End PBXNativeTarget section */

/* Begin PBXProject section */
		45CC170A2B76565C001EA9F1 /* Project object */ = {
			isa = PBXProject;
			attributes = {
				BuildIndependentTargetsInParallel = 1;
				LastSwiftUpdateCheck = 1500;
				LastUpgradeCheck = 1500;
				TargetAttributes = {
					45CC17112B76565C001EA9F1 = {
						CreatedOnToolsVersion = 15.0.1;
					};
				};
			};
			buildConfigurationList = 45CC170D2B76565C001EA9F1 /* Build configuration list for PBXProject "iSpotify" */;
			compatibilityVersion = "Xcode 14.0";
			developmentRegion = en;
			hasScannedForEncodings = 0;
			knownRegions = (
				en,
				Base,
			);
			mainGroup = 45CC17092B76565C001EA9F1;
			packageReferences = (
				45CC175A2B76C35C001EA9F1 /* XCRemoteSwiftPackageReference "SDWebImage" */,
			);
			productRefGroup = 45CC17132B76565C001EA9F1 /* Products */;
			projectDirPath = "";
			projectRoot = "";
			targets = (
				45CC17112B76565C001EA9F1 /* iSpotify */,
			);
		};
/* End PBXProject section */

/* Begin PBXResourcesBuildPhase section */
		45CC17102B76565C001EA9F1 /* Resources */ = {
			isa = PBXResourcesBuildPhase;
			buildActionMask = 2147483647;
			files = (
				45CC17222B76565D001EA9F1 /* LaunchScreen.storyboard in Resources */,
				45CC171F2B76565D001EA9F1 /* Assets.xcassets in Resources */,
			);
			runOnlyForDeploymentPostprocessing = 0;
		};
/* End PBXResourcesBuildPhase section */

/* Begin PBXSourcesBuildPhase section */
		45CC170E2B76565C001EA9F1 /* Sources */ = {
			isa = PBXSourcesBuildPhase;
			buildActionMask = 2147483647;
			files = (
				45CC17332B765BC9001EA9F1 /* SearchViewController.swift in Sources */,
				45136E392B7A668A00B8D8A5 /* SearchResultsViewController.swift in Sources */,
				45A9A5482B793F8A00BCC405 /* PlaylistDetailsResponse.swift in Sources */,
				45CC174D2B765D06001EA9F1 /* Playlist.swift in Sources */,
				45CC17472B765CD2001EA9F1 /* AuthManager.swift in Sources */,
				45C88F1F2B78067C007174BB /* NewReleasesCellViewModel.swift in Sources */,
				45A9A5522B796C4300BCC405 /* AlbumCollectionViewCellViewModel.swift in Sources */,
				45A9A5422B7918DA00BCC405 /* RecommendedTrackCellViewModel.swift in Sources */,
				45136E3D2B7A76DB00B8D8A5 /* AllCategoriesResponse.swift in Sources */,
				45CC173B2B765C25001EA9F1 /* WelcomeViewController.swift in Sources */,
				45A9A54E2B7961AE00BCC405 /* TitleHeaderCollectionReusableView.swift in Sources */,
				45A9A5442B7935C000BCC405 /* AlbumViewController.swift in Sources */,
				45A9A54C2B79512B00BCC405 /* PlaylistHeaderViewViewModel.swift in Sources */,
				45A9A5402B79189F00BCC405 /* FeaturedPlaylistCellViewModel.swift in Sources */,
				45C88F122B77BD0D007174BB /* FeaturedPlaylistResponse.swift in Sources */,
				45CC173F2B765C45001EA9F1 /* ProfileViewController.swift in Sources */,
				45CC17312B765BA6001EA9F1 /* TabBarViewController.swift in Sources */,
				45CC171A2B76565C001EA9F1 /* HomeViewController.swift in Sources */,
				45C88F1D2B77F2A2007174BB /* RecommendedTrackCollectionViewCell.swift in Sources */,
				45CC174B2B765CEF001EA9F1 /* HapticsManager.swift in Sources */,
				45CC17572B7693D2001EA9F1 /* AuthResponse.swift in Sources */,
				45C88F0E2B77B6E0007174BB /* NewReleasesResponse.swift in Sources */,
				45136E3B2B7A6B6800B8D8A5 /* CategoryCollectionViewCell.swift in Sources */,
				45A9A5502B796B3700BCC405 /* AlbumTrackCollectionViewCell.swift in Sources */,
				45C88F162B77D9C7007174BB /* RecommendationsResponse.swift in Sources */,
				45C88F102B77B884007174BB /* APIImage.swift in Sources */,
				45CC174F2B765D12001EA9F1 /* AudioTrack.swift in Sources */,
				45C88F192B77F27F007174BB /* NewReleaseCollectionViewCell.swift in Sources */,
				45CC17392B765C14001EA9F1 /* AuthViewController.swift in Sources */,
				45C88F1B2B77F298007174BB /* FeaturedPlaylistCollectionViewCell.swift in Sources */,
				45CC17162B76565C001EA9F1 /* AppDelegate.swift in Sources */,
				45CC17352B765BD9001EA9F1 /* LibraryViewController.swift in Sources */,
				45CC17532B765D26001EA9F1 /* UserProfile.swift in Sources */,
				45A9A54A2B794E6800BCC405 /* PlaylistHeaderCollectionReusableView.swift in Sources */,
				45CC17552B767073001EA9F1 /* Extensions.swift in Sources */,
				45CC17432B765C66001EA9F1 /* PlaylistViewController.swift in Sources */,
				45CC17512B765D1A001EA9F1 /* Artist.swift in Sources */,
				45CC17592B76B794001EA9F1 /* SettingsModels.swift in Sources */,
				45CC17182B76565C001EA9F1 /* SceneDelegate.swift in Sources */,
				45CC17412B765C51001EA9F1 /* PlayerViewController.swift in Sources */,
				45A9A5462B793AA900BCC405 /* AlbumDetailsResponse.swift in Sources */,
				45CC17492B765CE6001EA9F1 /* NetworkManager.swift in Sources */,
				45CC173D2B765C3B001EA9F1 /* SettingsViewController.swift in Sources */,
				45C88F142B77C73D007174BB /* RecommendedGenresResponse.swift in Sources */,
			);
			runOnlyForDeploymentPostprocessing = 0;
		};
/* End PBXSourcesBuildPhase section */

/* Begin PBXVariantGroup section */
		45CC17202B76565D001EA9F1 /* LaunchScreen.storyboard */ = {
			isa = PBXVariantGroup;
			children = (
				45CC17212B76565D001EA9F1 /* Base */,
			);
			name = LaunchScreen.storyboard;
			sourceTree = "<group>";
		};
/* End PBXVariantGroup section */

/* Begin XCBuildConfiguration section */
		45CC17242B76565D001EA9F1 /* Debug */ = {
			isa = XCBuildConfiguration;
			buildSettings = {
				ALWAYS_SEARCH_USER_PATHS = NO;
				ASSETCATALOG_COMPILER_GENERATE_SWIFT_ASSET_SYMBOL_EXTENSIONS = YES;
				CLANG_ANALYZER_NONNULL = YES;
				CLANG_ANALYZER_NUMBER_OBJECT_CONVERSION = YES_AGGRESSIVE;
				CLANG_CXX_LANGUAGE_STANDARD = "gnu++20";
				CLANG_ENABLE_MODULES = YES;
				CLANG_ENABLE_OBJC_ARC = YES;
				CLANG_ENABLE_OBJC_WEAK = YES;
				CLANG_WARN_BLOCK_CAPTURE_AUTORELEASING = YES;
				CLANG_WARN_BOOL_CONVERSION = YES;
				CLANG_WARN_COMMA = YES;
				CLANG_WARN_CONSTANT_CONVERSION = YES;
				CLANG_WARN_DEPRECATED_OBJC_IMPLEMENTATIONS = YES;
				CLANG_WARN_DIRECT_OBJC_ISA_USAGE = YES_ERROR;
				CLANG_WARN_DOCUMENTATION_COMMENTS = YES;
				CLANG_WARN_EMPTY_BODY = YES;
				CLANG_WARN_ENUM_CONVERSION = YES;
				CLANG_WARN_INFINITE_RECURSION = YES;
				CLANG_WARN_INT_CONVERSION = YES;
				CLANG_WARN_NON_LITERAL_NULL_CONVERSION = YES;
				CLANG_WARN_OBJC_IMPLICIT_RETAIN_SELF = YES;
				CLANG_WARN_OBJC_LITERAL_CONVERSION = YES;
				CLANG_WARN_OBJC_ROOT_CLASS = YES_ERROR;
				CLANG_WARN_QUOTED_INCLUDE_IN_FRAMEWORK_HEADER = YES;
				CLANG_WARN_RANGE_LOOP_ANALYSIS = YES;
				CLANG_WARN_STRICT_PROTOTYPES = YES;
				CLANG_WARN_SUSPICIOUS_MOVE = YES;
				CLANG_WARN_UNGUARDED_AVAILABILITY = YES_AGGRESSIVE;
				CLANG_WARN_UNREACHABLE_CODE = YES;
				CLANG_WARN__DUPLICATE_METHOD_MATCH = YES;
				COPY_PHASE_STRIP = NO;
				DEBUG_INFORMATION_FORMAT = dwarf;
				ENABLE_STRICT_OBJC_MSGSEND = YES;
				ENABLE_TESTABILITY = YES;
				ENABLE_USER_SCRIPT_SANDBOXING = YES;
				GCC_C_LANGUAGE_STANDARD = gnu17;
				GCC_DYNAMIC_NO_PIC = NO;
				GCC_NO_COMMON_BLOCKS = YES;
				GCC_OPTIMIZATION_LEVEL = 0;
				GCC_PREPROCESSOR_DEFINITIONS = (
					"DEBUG=1",
					"$(inherited)",
				);
				GCC_WARN_64_TO_32_BIT_CONVERSION = YES;
				GCC_WARN_ABOUT_RETURN_TYPE = YES_ERROR;
				GCC_WARN_UNDECLARED_SELECTOR = YES;
				GCC_WARN_UNINITIALIZED_AUTOS = YES_AGGRESSIVE;
				GCC_WARN_UNUSED_FUNCTION = YES;
				GCC_WARN_UNUSED_VARIABLE = YES;
				IPHONEOS_DEPLOYMENT_TARGET = 15.0;
				LOCALIZATION_PREFERS_STRING_CATALOGS = YES;
				MTL_ENABLE_DEBUG_INFO = INCLUDE_SOURCE;
				MTL_FAST_MATH = YES;
				ONLY_ACTIVE_ARCH = YES;
				SDKROOT = iphoneos;
				SWIFT_ACTIVE_COMPILATION_CONDITIONS = "DEBUG $(inherited)";
				SWIFT_OPTIMIZATION_LEVEL = "-Onone";
			};
			name = Debug;
		};
		45CC17252B76565D001EA9F1 /* Release */ = {
			isa = XCBuildConfiguration;
			buildSettings = {
				ALWAYS_SEARCH_USER_PATHS = NO;
				ASSETCATALOG_COMPILER_GENERATE_SWIFT_ASSET_SYMBOL_EXTENSIONS = YES;
				CLANG_ANALYZER_NONNULL = YES;
				CLANG_ANALYZER_NUMBER_OBJECT_CONVERSION = YES_AGGRESSIVE;
				CLANG_CXX_LANGUAGE_STANDARD = "gnu++20";
				CLANG_ENABLE_MODULES = YES;
				CLANG_ENABLE_OBJC_ARC = YES;
				CLANG_ENABLE_OBJC_WEAK = YES;
				CLANG_WARN_BLOCK_CAPTURE_AUTORELEASING = YES;
				CLANG_WARN_BOOL_CONVERSION = YES;
				CLANG_WARN_COMMA = YES;
				CLANG_WARN_CONSTANT_CONVERSION = YES;
				CLANG_WARN_DEPRECATED_OBJC_IMPLEMENTATIONS = YES;
				CLANG_WARN_DIRECT_OBJC_ISA_USAGE = YES_ERROR;
				CLANG_WARN_DOCUMENTATION_COMMENTS = YES;
				CLANG_WARN_EMPTY_BODY = YES;
				CLANG_WARN_ENUM_CONVERSION = YES;
				CLANG_WARN_INFINITE_RECURSION = YES;
				CLANG_WARN_INT_CONVERSION = YES;
				CLANG_WARN_NON_LITERAL_NULL_CONVERSION = YES;
				CLANG_WARN_OBJC_IMPLICIT_RETAIN_SELF = YES;
				CLANG_WARN_OBJC_LITERAL_CONVERSION = YES;
				CLANG_WARN_OBJC_ROOT_CLASS = YES_ERROR;
				CLANG_WARN_QUOTED_INCLUDE_IN_FRAMEWORK_HEADER = YES;
				CLANG_WARN_RANGE_LOOP_ANALYSIS = YES;
				CLANG_WARN_STRICT_PROTOTYPES = YES;
				CLANG_WARN_SUSPICIOUS_MOVE = YES;
				CLANG_WARN_UNGUARDED_AVAILABILITY = YES_AGGRESSIVE;
				CLANG_WARN_UNREACHABLE_CODE = YES;
				CLANG_WARN__DUPLICATE_METHOD_MATCH = YES;
				COPY_PHASE_STRIP = NO;
				DEBUG_INFORMATION_FORMAT = "dwarf-with-dsym";
				ENABLE_NS_ASSERTIONS = NO;
				ENABLE_STRICT_OBJC_MSGSEND = YES;
				ENABLE_USER_SCRIPT_SANDBOXING = YES;
				GCC_C_LANGUAGE_STANDARD = gnu17;
				GCC_NO_COMMON_BLOCKS = YES;
				GCC_WARN_64_TO_32_BIT_CONVERSION = YES;
				GCC_WARN_ABOUT_RETURN_TYPE = YES_ERROR;
				GCC_WARN_UNDECLARED_SELECTOR = YES;
				GCC_WARN_UNINITIALIZED_AUTOS = YES_AGGRESSIVE;
				GCC_WARN_UNUSED_FUNCTION = YES;
				GCC_WARN_UNUSED_VARIABLE = YES;
				IPHONEOS_DEPLOYMENT_TARGET = 15.0;
				LOCALIZATION_PREFERS_STRING_CATALOGS = YES;
				MTL_ENABLE_DEBUG_INFO = NO;
				MTL_FAST_MATH = YES;
				SDKROOT = iphoneos;
				SWIFT_COMPILATION_MODE = wholemodule;
				VALIDATE_PRODUCT = YES;
			};
			name = Release;
		};
		45CC17272B76565D001EA9F1 /* Debug */ = {
			isa = XCBuildConfiguration;
			buildSettings = {
				ASSETCATALOG_COMPILER_APPICON_NAME = AppIcon;
				ASSETCATALOG_COMPILER_GLOBAL_ACCENT_COLOR_NAME = AccentColor;
				CODE_SIGN_STYLE = Automatic;
				CURRENT_PROJECT_VERSION = 1;
				DEVELOPMENT_TEAM = N2G2NDDG29;
				GENERATE_INFOPLIST_FILE = YES;
				INFOPLIST_FILE = iSpotify/Info.plist;
				INFOPLIST_KEY_UIApplicationSupportsIndirectInputEvents = YES;
				INFOPLIST_KEY_UILaunchStoryboardName = LaunchScreen;
				INFOPLIST_KEY_UISupportedInterfaceOrientations = UIInterfaceOrientationPortrait;
				IPHONEOS_DEPLOYMENT_TARGET = 15.0;
				LD_RUNPATH_SEARCH_PATHS = (
					"$(inherited)",
					"@executable_path/Frameworks",
				);
				MARKETING_VERSION = 1.0;
				PRODUCT_BUNDLE_IDENTIFIER = com.ahmettarik.iSpotify;
				PRODUCT_NAME = "$(TARGET_NAME)";
				SUPPORTED_PLATFORMS = "iphoneos iphonesimulator";
				SUPPORTS_MACCATALYST = NO;
				SUPPORTS_MAC_DESIGNED_FOR_IPHONE_IPAD = NO;
				SWIFT_EMIT_LOC_STRINGS = YES;
				SWIFT_VERSION = 5.0;
				TARGETED_DEVICE_FAMILY = 1;
			};
			name = Debug;
		};
		45CC17282B76565D001EA9F1 /* Release */ = {
			isa = XCBuildConfiguration;
			buildSettings = {
				ASSETCATALOG_COMPILER_APPICON_NAME = AppIcon;
				ASSETCATALOG_COMPILER_GLOBAL_ACCENT_COLOR_NAME = AccentColor;
				CODE_SIGN_STYLE = Automatic;
				CURRENT_PROJECT_VERSION = 1;
				DEVELOPMENT_TEAM = N2G2NDDG29;
				GENERATE_INFOPLIST_FILE = YES;
				INFOPLIST_FILE = iSpotify/Info.plist;
				INFOPLIST_KEY_UIApplicationSupportsIndirectInputEvents = YES;
				INFOPLIST_KEY_UILaunchStoryboardName = LaunchScreen;
				INFOPLIST_KEY_UISupportedInterfaceOrientations = UIInterfaceOrientationPortrait;
				IPHONEOS_DEPLOYMENT_TARGET = 15.0;
				LD_RUNPATH_SEARCH_PATHS = (
					"$(inherited)",
					"@executable_path/Frameworks",
				);
				MARKETING_VERSION = 1.0;
				PRODUCT_BUNDLE_IDENTIFIER = com.ahmettarik.iSpotify;
				PRODUCT_NAME = "$(TARGET_NAME)";
				SUPPORTED_PLATFORMS = "iphoneos iphonesimulator";
				SUPPORTS_MACCATALYST = NO;
				SUPPORTS_MAC_DESIGNED_FOR_IPHONE_IPAD = NO;
				SWIFT_EMIT_LOC_STRINGS = YES;
				SWIFT_VERSION = 5.0;
				TARGETED_DEVICE_FAMILY = 1;
			};
			name = Release;
		};
/* End XCBuildConfiguration section */

/* Begin XCConfigurationList section */
		45CC170D2B76565C001EA9F1 /* Build configuration list for PBXProject "iSpotify" */ = {
			isa = XCConfigurationList;
			buildConfigurations = (
				45CC17242B76565D001EA9F1 /* Debug */,
				45CC17252B76565D001EA9F1 /* Release */,
			);
			defaultConfigurationIsVisible = 0;
			defaultConfigurationName = Release;
		};
		45CC17262B76565D001EA9F1 /* Build configuration list for PBXNativeTarget "iSpotify" */ = {
			isa = XCConfigurationList;
			buildConfigurations = (
				45CC17272B76565D001EA9F1 /* Debug */,
				45CC17282B76565D001EA9F1 /* Release */,
			);
			defaultConfigurationIsVisible = 0;
			defaultConfigurationName = Release;
		};
/* End XCConfigurationList section */

/* Begin XCRemoteSwiftPackageReference section */
		45CC175A2B76C35C001EA9F1 /* XCRemoteSwiftPackageReference "SDWebImage" */ = {
			isa = XCRemoteSwiftPackageReference;
			repositoryURL = "https://github.com/SDWebImage/SDWebImage.git";
			requirement = {
				kind = upToNextMajorVersion;
				minimumVersion = 5.18.10;
			};
		};
/* End XCRemoteSwiftPackageReference section */

/* Begin XCSwiftPackageProductDependency section */
		45CC175B2B76C35C001EA9F1 /* SDWebImage */ = {
			isa = XCSwiftPackageProductDependency;
			package = 45CC175A2B76C35C001EA9F1 /* XCRemoteSwiftPackageReference "SDWebImage" */;
			productName = SDWebImage;
		};
/* End XCSwiftPackageProductDependency section */
	};
	rootObject = 45CC170A2B76565C001EA9F1 /* Project object */;
}
